// !$*UTF8*$!
{
	archiveVersion = 1;
	classes = {
	};
	objectVersion = 46;
	objects = {

/* Begin PBXBuildFile section */
		23F216541A71F4C20038CF5E /* main.m in Sources */ = {isa = PBXBuildFile; fileRef = 23F216531A71F4C20038CF5E /* main.m */; };
		23F216571A71F4C20038CF5E /* AppDelegate.m in Sources */ = {isa = PBXBuildFile; fileRef = 23F216561A71F4C20038CF5E /* AppDelegate.m */; };
		23F2165A1A71F4C20038CF5E /* RootViewController.m in Sources */ = {isa = PBXBuildFile; fileRef = 23F216591A71F4C20038CF5E /* RootViewController.m */; };
		23F2165D1A71F4C20038CF5E /* Main.storyboard in Resources */ = {isa = PBXBuildFile; fileRef = 23F2165B1A71F4C20038CF5E /* Main.storyboard */; };
		23F2165F1A71F4C20038CF5E /* Images.xcassets in Resources */ = {isa = PBXBuildFile; fileRef = 23F2165E1A71F4C20038CF5E /* Images.xcassets */; };
		23F216621A71F4C20038CF5E /* LaunchScreen.xib in Resources */ = {isa = PBXBuildFile; fileRef = 23F216601A71F4C20038CF5E /* LaunchScreen.xib */; };
		23F2166E1A71F4C20038CF5E /* FavoritePhotosTests.m in Sources */ = {isa = PBXBuildFile; fileRef = 23F2166D1A71F4C20038CF5E /* FavoritePhotosTests.m */; };
		23F216791A720A1A0038CF5E /* Photo.m in Sources */ = {isa = PBXBuildFile; fileRef = 23F216781A720A1A0038CF5E /* Photo.m */; };
		23F2167C1A7218680038CF5E /* CustomCollectionViewCell.m in Sources */ = {isa = PBXBuildFile; fileRef = 23F2167B1A7218680038CF5E /* CustomCollectionViewCell.m */; };
/* End PBXBuildFile section */

/* Begin PBXContainerItemProxy section */
		23F216681A71F4C20038CF5E /* PBXContainerItemProxy */ = {
			isa = PBXContainerItemProxy;
			containerPortal = 23F216461A71F4C20038CF5E /* Project object */;
			proxyType = 1;
			remoteGlobalIDString = 23F2164D1A71F4C20038CF5E;
			remoteInfo = FavoritePhotos;
		};
/* End PBXContainerItemProxy section */

/* Begin PBXFileReference section */
		23F2164E1A71F4C20038CF5E /* FavoritePhotos.app */ = {isa = PBXFileReference; explicitFileType = wrapper.application; includeInIndex = 0; path = FavoritePhotos.app; sourceTree = BUILT_PRODUCTS_DIR; };
		23F216521A71F4C20038CF5E /* Info.plist */ = {isa = PBXFileReference; lastKnownFileType = text.plist.xml; path = Info.plist; sourceTree = "<group>"; };
		23F216531A71F4C20038CF5E /* main.m */ = {isa = PBXFileReference; lastKnownFileType = sourcecode.c.objc; path = main.m; sourceTree = "<group>"; };
		23F216551A71F4C20038CF5E /* AppDelegate.h */ = {isa = PBXFileReference; lastKnownFileType = sourcecode.c.h; path = AppDelegate.h; sourceTree = "<group>"; };
		23F216561A71F4C20038CF5E /* AppDelegate.m */ = {isa = PBXFileReference; lastKnownFileType = sourcecode.c.objc; path = AppDelegate.m; sourceTree = "<group>"; };
		23F216581A71F4C20038CF5E /* RootViewController.h */ = {isa = PBXFileReference; lastKnownFileType = sourcecode.c.h; path = RootViewController.h; sourceTree = "<group>"; };
		23F216591A71F4C20038CF5E /* RootViewController.m */ = {isa = PBXFileReference; lastKnownFileType = sourcecode.c.objc; path = RootViewController.m; sourceTree = "<group>"; };
		23F2165C1A71F4C20038CF5E /* Base */ = {isa = PBXFileReference; lastKnownFileType = file.storyboard; name = Base; path = Base.lproj/Main.storyboard; sourceTree = "<group>"; };
		23F2165E1A71F4C20038CF5E /* Images.xcassets */ = {isa = PBXFileReference; lastKnownFileType = folder.assetcatalog; path = Images.xcassets; sourceTree = "<group>"; };
		23F216611A71F4C20038CF5E /* Base */ = {isa = PBXFileReference; lastKnownFileType = file.xib; name = Base; path = Base.lproj/LaunchScreen.xib; sourceTree = "<group>"; };
		23F216671A71F4C20038CF5E /* FavoritePhotosTests.xctest */ = {isa = PBXFileReference; explicitFileType = wrapper.cfbundle; includeInIndex = 0; path = FavoritePhotosTests.xctest; sourceTree = BUILT_PRODUCTS_DIR; };
		23F2166C1A71F4C20038CF5E /* Info.plist */ = {isa = PBXFileReference; lastKnownFileType = text.plist.xml; path = Info.plist; sourceTree = "<group>"; };
		23F2166D1A71F4C20038CF5E /* FavoritePhotosTests.m */ = {isa = PBXFileReference; lastKnownFileType = sourcecode.c.objc; path = FavoritePhotosTests.m; sourceTree = "<group>"; };
		23F216771A720A1A0038CF5E /* Photo.h */ = {isa = PBXFileReference; fileEncoding = 4; lastKnownFileType = sourcecode.c.h; path = Photo.h; sourceTree = "<group>"; };
		23F216781A720A1A0038CF5E /* Photo.m */ = {isa = PBXFileReference; fileEncoding = 4; lastKnownFileType = sourcecode.c.objc; path = Photo.m; sourceTree = "<group>"; };
		23F2167A1A7218680038CF5E /* CustomCollectionViewCell.h */ = {isa = PBXFileReference; fileEncoding = 4; lastKnownFileType = sourcecode.c.h; path = CustomCollectionViewCell.h; sourceTree = "<group>"; };
		23F2167B1A7218680038CF5E /* CustomCollectionViewCell.m */ = {isa = PBXFileReference; fileEncoding = 4; lastKnownFileType = sourcecode.c.objc; path = CustomCollectionViewCell.m; sourceTree = "<group>"; };
/* End PBXFileReference section */

/* Begin PBXFrameworksBuildPhase section */
		23F2164B1A71F4C20038CF5E /* Frameworks */ = {
			isa = PBXFrameworksBuildPhase;
			buildActionMask = 2147483647;
			files = (
			);
			runOnlyForDeploymentPostprocessing = 0;
		};
		23F216641A71F4C20038CF5E /* Frameworks */ = {
			isa = PBXFrameworksBuildPhase;
			buildActionMask = 2147483647;
			files = (
			);
			runOnlyForDeploymentPostprocessing = 0;
		};
/* End PBXFrameworksBuildPhase section */

/* Begin PBXGroup section */
		23F216451A71F4C20038CF5E = {
			isa = PBXGroup;
			children = (
				23F216501A71F4C20038CF5E /* FavoritePhotos */,
				23F2166A1A71F4C20038CF5E /* FavoritePhotosTests */,
				23F2164F1A71F4C20038CF5E /* Products */,
			);
			sourceTree = "<group>";
		};
		23F2164F1A71F4C20038CF5E /* Products */ = {
			isa = PBXGroup;
			children = (
				23F2164E1A71F4C20038CF5E /* FavoritePhotos.app */,
				23F216671A71F4C20038CF5E /* FavoritePhotosTests.xctest */,
			);
			name = Products;
			sourceTree = "<group>";
		};
		23F216501A71F4C20038CF5E /* FavoritePhotos */ = {
			isa = PBXGroup;
			children = (
				23F216551A71F4C20038CF5E /* AppDelegate.h */,
				23F216561A71F4C20038CF5E /* AppDelegate.m */,
				23F216581A71F4C20038CF5E /* RootViewController.h */,
				23F216591A71F4C20038CF5E /* RootViewController.m */,
				23F2167A1A7218680038CF5E /* CustomCollectionViewCell.h */,
				23F2167B1A7218680038CF5E /* CustomCollectionViewCell.m */,
				23F216771A720A1A0038CF5E /* Photo.h */,
				23F216781A720A1A0038CF5E /* Photo.m */,
				23F2165B1A71F4C20038CF5E /* Main.storyboard */,
				23F2165E1A71F4C20038CF5E /* Images.xcassets */,
				23F216601A71F4C20038CF5E /* LaunchScreen.xib */,
				23F216511A71F4C20038CF5E /* Supporting Files */,
			);
			path = FavoritePhotos;
			sourceTree = "<group>";
		};
		23F216511A71F4C20038CF5E /* Supporting Files */ = {
			isa = PBXGroup;
			children = (
				23F216521A71F4C20038CF5E /* Info.plist */,
				23F216531A71F4C20038CF5E /* main.m */,
			);
			name = "Supporting Files";
			sourceTree = "<group>";
		};
		23F2166A1A71F4C20038CF5E /* FavoritePhotosTests */ = {
			isa = PBXGroup;
			children = (
				23F2166D1A71F4C20038CF5E /* FavoritePhotosTests.m */,
				23F2166B1A71F4C20038CF5E /* Supporting Files */,
			);
			path = FavoritePhotosTests;
			sourceTree = "<group>";
		};
		23F2166B1A71F4C20038CF5E /* Supporting Files */ = {
			isa = PBXGroup;
			children = (
				23F2166C1A71F4C20038CF5E /* Info.plist */,
			);
			name = "Supporting Files";
			sourceTree = "<group>";
		};
/* End PBXGroup section */

/* Begin PBXNativeTarget section */
		23F2164D1A71F4C20038CF5E /* FavoritePhotos */ = {
			isa = PBXNativeTarget;
			buildConfigurationList = 23F216711A71F4C20038CF5E /* Build configuration list for PBXNativeTarget "FavoritePhotos" */;
			buildPhases = (
				23F2164A1A71F4C20038CF5E /* Sources */,
				23F2164B1A71F4C20038CF5E /* Frameworks */,
				23F2164C1A71F4C20038CF5E /* Resources */,
			);
			buildRules = (
			);
			dependencies = (
			);
			name = FavoritePhotos;
			productName = FavoritePhotos;
			productReference = 23F2164E1A71F4C20038CF5E /* FavoritePhotos.app */;
			productType = "com.apple.product-type.application";
		};
		23F216661A71F4C20038CF5E /* FavoritePhotosTests */ = {
			isa = PBXNativeTarget;
			buildConfigurationList = 23F216741A71F4C20038CF5E /* Build configuration list for PBXNativeTarget "FavoritePhotosTests" */;
			buildPhases = (
				23F216631A71F4C20038CF5E /* Sources */,
				23F216641A71F4C20038CF5E /* Frameworks */,
				23F216651A71F4C20038CF5E /* Resources */,
			);
			buildRules = (
			);
			dependencies = (
				23F216691A71F4C20038CF5E /* PBXTargetDependency */,
			);
			name = FavoritePhotosTests;
			productName = FavoritePhotosTests;
			productReference = 23F216671A71F4C20038CF5E /* FavoritePhotosTests.xctest */;
			productType = "com.apple.product-type.bundle.unit-test";
		};
/* End PBXNativeTarget section */

/* Begin PBXProject section */
		23F216461A71F4C20038CF5E /* Project object */ = {
			isa = PBXProject;
			attributes = {
				LastUpgradeCheck = 0610;
				ORGANIZATIONNAME = "Gabriel Enterprises";
				TargetAttributes = {
					23F2164D1A71F4C20038CF5E = {
						CreatedOnToolsVersion = 6.1.1;
					};
					23F216661A71F4C20038CF5E = {
						CreatedOnToolsVersion = 6.1.1;
						TestTargetID = 23F2164D1A71F4C20038CF5E;
					};
				};
			};
			buildConfigurationList = 23F216491A71F4C20038CF5E /* Build configuration list for PBXProject "FavoritePhotos" */;
			compatibilityVersion = "Xcode 3.2";
			developmentRegion = English;
			hasScannedForEncodings = 0;
			knownRegions = (
				en,
				Base,
			);
			mainGroup = 23F216451A71F4C20038CF5E;
			productRefGroup = 23F2164F1A71F4C20038CF5E /* Products */;
			projectDirPath = "";
			projectRoot = "";
			targets = (
				23F2164D1A71F4C20038CF5E /* FavoritePhotos */,
				23F216661A71F4C20038CF5E /* FavoritePhotosTests */,
			);
		};
/* End PBXProject section */

/* Begin PBXResourcesBuildPhase section */
		23F2164C1A71F4C20038CF5E /* Resources */ = {
			isa = PBXResourcesBuildPhase;
			buildActionMask = 2147483647;
			files = (
				23F2165D1A71F4C20038CF5E /* Main.storyboard in Resources */,
				23F216621A71F4C20038CF5E /* LaunchScreen.xib in Resources */,
				23F2165F1A71F4C20038CF5E /* Images.xcassets in Resources */,
			);
			runOnlyForDeploymentPostprocessing = 0;
		};
		23F216651A71F4C20038CF5E /* Resources */ = {
			isa = PBXResourcesBuildPhase;
			buildActionMask = 2147483647;
			files = (
			);
			runOnlyForDeploymentPostprocessing = 0;
		};
/* End PBXResourcesBuildPhase section */

/* Begin PBXSourcesBuildPhase section */
		23F2164A1A71F4C20038CF5E /* Sources */ = {
			isa = PBXSourcesBuildPhase;
			buildActionMask = 2147483647;
			files = (
				23F216791A720A1A0038CF5E /* Photo.m in Sources */,
				23F2165A1A71F4C20038CF5E /* RootViewController.m in Sources */,
				23F216571A71F4C20038CF5E /* AppDelegate.m in Sources */,
				23F216541A71F4C20038CF5E /* main.m in Sources */,
				23F2167C1A7218680038CF5E /* CustomCollectionViewCell.m in Sources */,
			);
			runOnlyForDeploymentPostprocessing = 0;
		};
		23F216631A71F4C20038CF5E /* Sources */ = {
			isa = PBXSourcesBuildPhase;
			buildActionMask = 2147483647;
			files = (
				23F2166E1A71F4C20038CF5E /* FavoritePhotosTests.m in Sources */,
			);
			runOnlyForDeploymentPostprocessing = 0;
		};
/* End PBXSourcesBuildPhase section */

/* Begin PBXTargetDependency section */
		23F216691A71F4C20038CF5E /* PBXTargetDependency */ = {
			isa = PBXTargetDependency;
			target = 23F2164D1A71F4C20038CF5E /* FavoritePhotos */;
			targetProxy = 23F216681A71F4C20038CF5E /* PBXContainerItemProxy */;
		};
/* End PBXTargetDependency section */

/* Begin PBXVariantGroup section */
		23F2165B1A71F4C20038CF5E /* Main.storyboard */ = {
			isa = PBXVariantGroup;
			children = (
				23F2165C1A71F4C20038CF5E /* Base */,
			);
			name = Main.storyboard;
			sourceTree = "<group>";
		};
		23F216601A71F4C20038CF5E /* LaunchScreen.xib */ = {
			isa = PBXVariantGroup;
			children = (
				23F216611A71F4C20038CF5E /* Base */,
			);
			name = LaunchScreen.xib;
			sourceTree = "<group>";
		};
/* End PBXVariantGroup section */

/* Begin XCBuildConfiguration section */
		23F2166F1A71F4C20038CF5E /* Debug */ = {
			isa = XCBuildConfiguration;
			buildSettings = {
				ALWAYS_SEARCH_USER_PATHS = NO;
				CLANG_CXX_LANGUAGE_STANDARD = "gnu++0x";
				CLANG_CXX_LIBRARY = "libc++";
				CLANG_ENABLE_MODULES = YES;
				CLANG_ENABLE_OBJC_ARC = YES;
				CLANG_WARN_BOOL_CONVERSION = YES;
				CLANG_WARN_CONSTANT_CONVERSION = YES;
				CLANG_WARN_DIRECT_OBJC_ISA_USAGE = YES_ERROR;
				CLANG_WARN_EMPTY_BODY = YES;
				CLANG_WARN_ENUM_CONVERSION = YES;
				CLANG_WARN_INT_CONVERSION = YES;
				CLANG_WARN_OBJC_ROOT_CLASS = YES_ERROR;
				CLANG_WARN_UNREACHABLE_CODE = YES;
				CLANG_WARN__DUPLICATE_METHOD_MATCH = YES;
				"CODE_SIGN_IDENTITY[sdk=iphoneos*]" = "iPhone Developer";
				COPY_PHASE_STRIP = NO;
				ENABLE_STRICT_OBJC_MSGSEND = YES;
				GCC_C_LANGUAGE_STANDARD = gnu99;
				GCC_DYNAMIC_NO_PIC = NO;
				GCC_OPTIMIZATION_LEVEL = 0;
				GCC_PREPROCESSOR_DEFINITIONS = (
					"DEBUG=1",
					"$(inherited)",
				);
				GCC_SYMBOLS_PRIVATE_EXTERN = NO;
				GCC_WARN_64_TO_32_BIT_CONVERSION = YES;
				GCC_WARN_ABOUT_RETURN_TYPE = YES_ERROR;
				GCC_WARN_UNDECLARED_SELECTOR = YES;
				GCC_WARN_UNINITIALIZED_AUTOS = YES_AGGRESSIVE;
				GCC_WARN_UNUSED_FUNCTION = YES;
				GCC_WARN_UNUSED_VARIABLE = YES;
				IPHONEOS_DEPLOYMENT_TARGET = 8.1;
				MTL_ENABLE_DEBUG_INFO = YES;
				ONLY_ACTIVE_ARCH = YES;
				SDKROOT = iphoneos;
			};
			name = Debug;
		};
		23F216701A71F4C20038CF5E /* Release */ = {
			isa = XCBuildConfiguration;
			buildSettings = {
				ALWAYS_SEARCH_USER_PATHS = NO;
				CLANG_CXX_LANGUAGE_STANDARD = "gnu++0x";
				CLANG_CXX_LIBRARY = "libc++";
				CLANG_ENABLE_MODULES = YES;
				CLANG_ENABLE_OBJC_ARC = YES;
				CLANG_WARN_BOOL_CONVERSION = YES;
				CLANG_WARN_CONSTANT_CONVERSION = YES;
				CLANG_WARN_DIRECT_OBJC_ISA_USAGE = YES_ERROR;
				CLANG_WARN_EMPTY_BODY = YES;
				CLANG_WARN_ENUM_CONVERSION = YES;
				CLANG_WARN_INT_CONVERSION = YES;
				CLANG_WARN_OBJC_ROOT_CLASS = YES_ERROR;
				CLANG_WARN_UNREACHABLE_CODE = YES;
				CLANG_WARN__DUPLICATE_METHOD_MATCH = YES;
				"CODE_SIGN_IDENTITY[sdk=iphoneos*]" = "iPhone Developer";
				COPY_PHASE_STRIP = YES;
				ENABLE_NS_ASSERTIONS = NO;
				ENABLE_STRICT_OBJC_MSGSEND = YES;
				GCC_C_LANGUAGE_STANDARD = gnu99;
				GCC_WARN_64_TO_32_BIT_CONVERSION = YES;
				GCC_WARN_ABOUT_RETURN_TYPE = YES_ERROR;
				GCC_WARN_UNDECLARED_SELECTOR = YES;
				GCC_WARN_UNINITIALIZED_AUTOS = YES_AGGRESSIVE;
				GCC_WARN_UNUSED_FUNCTION = YES;
				GCC_WARN_UNUSED_VARIABLE = YES;
				IPHONEOS_DEPLOYMENT_TARGET = 8.1;
				MTL_ENABLE_DEBUG_INFO = NO;
				SDKROOT = iphoneos;
				VALIDATE_PRODUCT = YES;
			};
			name = Release;
		};
		23F216721A71F4C20038CF5E /* Debug */ = {
			isa = XCBuildConfiguration;
			buildSettings = {
				ASSETCATALOG_COMPILER_APPICON_NAME = AppIcon;
				INFOPLIST_FILE = FavoritePhotos/Info.plist;
				LD_RUNPATH_SEARCH_PATHS = "$(inherited) @executable_path/Frameworks";
				PRODUCT_NAME = "$(TARGET_NAME)";
			};
			name = Debug;
		};
		23F216731A71F4C20038CF5E /* Release */ = {
			isa = XCBuildConfiguration;
			buildSettings = {
				ASSETCATALOG_COMPILER_APPICON_NAME = AppIcon;
				INFOPLIST_FILE = FavoritePhotos/Info.plist;
				LD_RUNPATH_SEARCH_PATHS = "$(inherited) @executable_path/Frameworks";
				PRODUCT_NAME = "$(TARGET_NAME)";
			};
			name = Release;
		};
		23F216751A71F4C20038CF5E /* Debug */ = {
			isa = XCBuildConfiguration;
			buildSettings = {
				BUNDLE_LOADER = "$(TEST_HOST)";
				FRAMEWORK_SEARCH_PATHS = (
					"$(SDKROOT)/Developer/Library/Frameworks",
					"$(inherited)",
				);
				GCC_PREPROCESSOR_DEFINITIONS = (
					"DEBUG=1",
					"$(inherited)",
				);
				INFOPLIST_FILE = FavoritePhotosTests/Info.plist;
				LD_RUNPATH_SEARCH_PATHS = "$(inherited) @executable_path/Frameworks @loader_path/Frameworks";
				PRODUCT_NAME = "$(TARGET_NAME)";
				TEST_HOST = "$(BUILT_PRODUCTS_DIR)/FavoritePhotos.app/FavoritePhotos";
			};
			name = Debug;
		};
		23F216761A71F4C20038CF5E /* Release */ = {
			isa = XCBuildConfiguration;
			buildSettings = {
				BUNDLE_LOADER = "$(TEST_HOST)";
				FRAMEWORK_SEARCH_PATHS = (
					"$(SDKROOT)/Developer/Library/Frameworks",
					"$(inherited)",
				);
				INFOPLIST_FILE = FavoritePhotosTests/Info.plist;
				LD_RUNPATH_SEARCH_PATHS = "$(inherited) @executable_path/Frameworks @loader_path/Frameworks";
				PRODUCT_NAME = "$(TARGET_NAME)";
				TEST_HOST = "$(BUILT_PRODUCTS_DIR)/FavoritePhotos.app/FavoritePhotos";
			};
			name = Release;
		};
/* End XCBuildConfiguration section */

/* Begin XCConfigurationList section */
		23F216491A71F4C20038CF5E /* Build configuration list for PBXProject "FavoritePhotos" */ = {
			isa = XCConfigurationList;
			buildConfigurations = (
				23F2166F1A71F4C20038CF5E /* Debug */,
				23F216701A71F4C20038CF5E /* Release */,
			);
			defaultConfigurationIsVisible = 0;
			defaultConfigurationName = Release;
		};
		23F216711A71F4C20038CF5E /* Build configuration list for PBXNativeTarget "FavoritePhotos" */ = {
			isa = XCConfigurationList;
			buildConfigurations = (
				23F216721A71F4C20038CF5E /* Debug */,
				23F216731A71F4C20038CF5E /* Release */,
			);
			defaultConfigurationIsVisible = 0;
		};
		23F216741A71F4C20038CF5E /* Build configuration list for PBXNativeTarget "FavoritePhotosTests" */ = {
			isa = XCConfigurationList;
			buildConfigurations = (
				23F216751A71F4C20038CF5E /* Debug */,
				23F216761A71F4C20038CF5E /* Release */,
			);
			defaultConfigurationIsVisible = 0;
		};
/* End XCConfigurationList section */
	};
	rootObject = 23F216461A71F4C20038CF5E /* Project object */;
}
